
Microsoft Visual Studio Solution File, Format Version 12.00
# Visual Studio Version 17
VisualStudioVersion = 17.5.002.0
MinimumVisualStudioVersion = 10.0.40219.1
Project("{9A19103F-16F7-4668-BE54-9A1E7A4F7556}") = "ArraysListsDictionaries", "ArraysListsDictionaries\ArraysListsDictionaries.csproj", "{863A675A-2630-4AFE-85D5-11B99C39D030}"
EndProject
Global
	GlobalSection(SolutionConfigurationPlatforms) = preSolution
		Debug|Any CPU = Debug|Any CPU
		Release|Any CPU = Release|Any CPU
	EndGlobalSection
	GlobalSection(ProjectConfigurationPlatforms) = postSolution
		{863A675A-2630-4AFE-85D5-11B99C39D030}.Debug|Any CPU.ActiveCfg = Debug|Any CPU
		{863A675A-2630-4AFE-85D5-11B99C39D030}.Debug|Any CPU.Build.0 = Debug|Any CPU
		{863A675A-2630-4AFE-85D5-11B99C39D030}.Release|Any CPU.ActiveCfg = Release|Any CPU
		{863A675A-2630-4AFE-85D5-11B99C39D030}.Release|Any CPU.Build.0 = Release|Any CPU
	EndGlobalSection
	GlobalSection(SolutionProperties) = preSolution
		HideSolutionNode = FALSE
	EndGlobalSection
	GlobalSection(ExtensibilityGlobals) = postSolution
		SolutionGuid = {6FB93C77-7E6E-4300-AFF5-C30039F67CBA}
	EndGlobalSection
EndGlobal
